// !$*UTF8*$!
{
	archiveVersion = 1;
	classes = {
	};
	objectVersion = 46;
	objects = {

/* Begin PBXAggregateTarget section */
		A06DFA6671F3496394116C37 /* ALL_BUILD */ = {
			isa = PBXAggregateTarget;
			buildConfigurationList = DB4FC8929D5E43C8A6854E00 /* Build configuration list for PBXAggregateTarget "ALL_BUILD" */;
			buildPhases = (
				865ECAA8C24240B4B032D226 /* CMake Rules */,
			);
			dependencies = (
				6D5EDA153C0342F8891D8578 /* PBXTargetDependency */,
				1A1FBA4B6EC64CD8B4243D30 /* PBXTargetDependency */,
				EE1ACC93A2B44B7186C3CC7D /* PBXTargetDependency */,
			);
			name = ALL_BUILD;
			productName = ALL_BUILD;
		};
		A78FDAE7AF7A4FEE80952FC7 /* ZERO_CHECK */ = {
			isa = PBXAggregateTarget;
			buildConfigurationList = 780063F00207476495CE8BF9 /* Build configuration list for PBXAggregateTarget "ZERO_CHECK" */;
			buildPhases = (
				EFB19DEB51D54433AB5982BD /* CMake Rules */,
			);
			dependencies = (
			);
			name = ZERO_CHECK;
			productName = ZERO_CHECK;
		};
/* End PBXAggregateTarget section */

/* Begin PBXBuildFile section */
		041C2272196C4AA7987FE239 /* MainViewController.mm in Sources */ = {isa = PBXBuildFile; fileRef = 49DAE6E0BB37427D990A1E80 /* MainViewController.mm */; };
		08E4D9C044FE41A8A093D08D /* CameraViewController.mm in Sources */ = {isa = PBXBuildFile; fileRef = EB761B6089614DE6AB7D7FCF /* CameraViewController.mm */; };
		19519EE572AD4907BD2C3D34 /* XJGARSDKCameraOperator.cpp in Sources */ = {isa = PBXBuildFile; fileRef = 2A0F698E36744E57BAE2DA04 /* XJGARSDKCameraOperator.cpp */; };
		46332AE3E5A74203B2872D8D /* Foo.hh in Headers */ = {isa = PBXBuildFile; fileRef = 47273F98043344A8940E76DD /* Foo.hh */; settings = {ATTRIBUTES = (Public, ); }; };
		63CF312D6C1B40A1B8AF6445 /* XJGARSDKImageOperator.cpp in Sources */ = {isa = PBXBuildFile; fileRef = 839ED1F745E34BA69D381429 /* XJGARSDKImageOperator.cpp */; };
		7E211CE5C2C749798EB1539D /* main.mm in Sources */ = {isa = PBXBuildFile; fileRef = F19FF78B3F764E86A23046EB /* main.mm */; };
		92B5DA9429EC407691BBD14F /* XJGARSDKGLESContextManager.cpp in Sources */ = {isa = PBXBuildFile; fileRef = 78BB383931EA459F986FAD0D /* XJGARSDKGLESContextManager.cpp */; };
		9A5610DAD37E4BA584A4BCB7 /* Assets.xcassets in Resources */ = {isa = PBXBuildFile; fileRef = 7A2768DAFED640BC93FB3D7F /* Assets.xcassets */; };
		9BA2CF934AAC47E0900518BE /* XJGARSDKResSelViewController.mm in Sources */ = {isa = PBXBuildFile; fileRef = BFC18AB9C35840DF914F1397 /* XJGARSDKResSelViewController.mm */; };
		9C1280CF5D45458B9FAC51E8 /* XJGARSDKGPUImageView.mm in Sources */ = {isa = PBXBuildFile; fileRef = C79E84B205F649649027E4F5 /* XJGARSDKGPUImageView.mm */; };
		9F8DA2621BC043A2BE6DEC8A /* AppDelegate.mm in Sources */ = {isa = PBXBuildFile; fileRef = D95228195EC24338B1E7087A /* AppDelegate.mm */; };
		AAFEE50683C24ABDB3EEC845 /* XJGARSDKShaderProgram.cpp in Sources */ = {isa = PBXBuildFile; fileRef = D427674004C44B8E8FBF14A1 /* XJGARSDKShaderProgram.cpp */; };
		B87C7D4FC95340ADBCB73543 /* XJGARSDKFramebuffer.cpp in Sources */ = {isa = PBXBuildFile; fileRef = DA13DA3F0BDF4516A6275E36 /* XJGARSDKFramebuffer.cpp */; };
		C19E44E7319247358EEBB579 /* Foo.cpp in Sources */ = {isa = PBXBuildFile; fileRef = 1A7360497B8C4300BDBEFA67 /* Foo.cpp */; };
		CF9E4F6AFD6F454880FA02F6 /* ImageViewController.mm in Sources */ = {isa = PBXBuildFile; fileRef = 0558C90365214DD8986EF106 /* ImageViewController.mm */; };
		D90ED1D92FF147D49A8B7385 /* XJGARSDKResInterface.mm in Sources */ = {isa = PBXBuildFile; fileRef = 693994C1D75B44A894F7D60D /* XJGARSDKResInterface.mm */; };
		FB48859155FE408688AC4DB5 /* resbundle.bundle in Resources */ = {isa = PBXBuildFile; fileRef = 9B65206A8C424C989C323BC8 /* resbundle.bundle */; };
/* End PBXBuildFile section */

/* Begin PBXContainerItemProxy section */
		09037718810B4578A81AEC65 /* PBXContainerItemProxy */ = {
			isa = PBXContainerItemProxy;
			containerPortal = 04A9899C29FC452C9B115301 /* Project object */;
			proxyType = 1;
			remoteGlobalIDString = A78FDAE7AF7A4FEE80952FC7;
			remoteInfo = ZERO_CHECK;
		};
		182C235593A74254A5D50F4B /* PBXContainerItemProxy */ = {
			isa = PBXContainerItemProxy;
			containerPortal = 04A9899C29FC452C9B115301 /* Project object */;
			proxyType = 1;
			remoteGlobalIDString = A78FDAE7AF7A4FEE80952FC7;
			remoteInfo = ZERO_CHECK;
		};
		667B8785E51E474399E583A5 /* PBXContainerItemProxy */ = {
			isa = PBXContainerItemProxy;
			containerPortal = 04A9899C29FC452C9B115301 /* Project object */;
			proxyType = 1;
			remoteGlobalIDString = 798C7987C5E245B2B7497445;
			remoteInfo = XJGARSDKDemoApp;
		};
		929894C5B945405AAA9950B4 /* PBXContainerItemProxy */ = {
			isa = PBXContainerItemProxy;
			containerPortal = 04A9899C29FC452C9B115301 /* Project object */;
			proxyType = 1;
			remoteGlobalIDString = A78FDAE7AF7A4FEE80952FC7;
			remoteInfo = ZERO_CHECK;
		};
		A02EB9FA8F084003A284EAD5 /* PBXContainerItemProxy */ = {
			isa = PBXContainerItemProxy;
			containerPortal = 04A9899C29FC452C9B115301 /* Project object */;
			proxyType = 1;
			remoteGlobalIDString = 6E404F154DDA4638B9841489;
			remoteInfo = TestFramework;
		};
		FF5700CA44384A10A1E6BC1D /* PBXContainerItemProxy */ = {
			isa = PBXContainerItemProxy;
			containerPortal = 04A9899C29FC452C9B115301 /* Project object */;
			proxyType = 1;
			remoteGlobalIDString = 6E404F154DDA4638B9841489;
			remoteInfo = TestFramework;
		};
/* End PBXContainerItemProxy section */

/* Begin PBXFileReference section */
		0558C90365214DD8986EF106 /* ImageViewController.mm */ = {isa = PBXFileReference; explicitFileType = sourcecode.cpp.objcpp; fileEncoding = 4; path = ImageViewController.mm; sourceTree = SOURCE_ROOT; };
		083C5F4EB57240FE980C727D /* XJGARSDKResSelViewController.h */ = {isa = PBXFileReference; explicitFileType = sourcecode.c.h; fileEncoding = 4; path = XJGARSDKResSelViewController.h; sourceTree = SOURCE_ROOT; };
		1A7360497B8C4300BDBEFA67 /* Foo.cpp */ = {isa = PBXFileReference; explicitFileType = sourcecode.cpp.cpp; fileEncoding = 4; name = Foo.cpp; path = cppframework/Foo.cpp; sourceTree = SOURCE_ROOT; };
		277A17FBDA3D4A24B26201F3 /* XJGARSDKFramebuffer.h */ = {isa = PBXFileReference; explicitFileType = sourcecode.c.h; fileEncoding = 4; name = XJGARSDKFramebuffer.h; path = XJGARSDKDemo/XJGARSDKFramebuffer.h; sourceTree = SOURCE_ROOT; };
		2A0F698E36744E57BAE2DA04 /* XJGARSDKCameraOperator.cpp */ = {isa = PBXFileReference; explicitFileType = sourcecode.cpp.cpp; fileEncoding = 4; name = XJGARSDKCameraOperator.cpp; path = XJGARSDKDemo/XJGARSDKCameraOperator.cpp; sourceTree = SOURCE_ROOT; };
		2BCD4092176F46D8A41D33CF /* ImageViewController.h */ = {isa = PBXFileReference; explicitFileType = sourcecode.c.h; fileEncoding = 4; path = ImageViewController.h; sourceTree = SOURCE_ROOT; };
		324E830AC55F448880218193 /* TestFramework.framework */ = {isa = PBXFileReference; explicitFileType = wrapper.framework; path = TestFramework.framework; sourceTree = BUILT_PRODUCTS_DIR; };
		386DA534162E434AA5B9133D /* XJGARSDKGPUImageTarget.h */ = {isa = PBXFileReference; explicitFileType = sourcecode.c.h; fileEncoding = 4; name = XJGARSDKGPUImageTarget.h; path = XJGARSDKDemo/XJGARSDKGPUImageTarget.h; sourceTree = SOURCE_ROOT; };
		3B614680460348139F4332E0 /* CMakeLists.txt */ = {isa = PBXFileReference; explicitFileType = sourcecode.text; fileEncoding = 4; lastKnownFileType = text; path = CMakeLists.txt; sourceTree = SOURCE_ROOT; };
		44392BED0622499DB452F9AF /* CameraViewController.h */ = {isa = PBXFileReference; explicitFileType = sourcecode.c.h; fileEncoding = 4; path = CameraViewController.h; sourceTree = SOURCE_ROOT; };
		47273F98043344A8940E76DD /* Foo.hh */ = {isa = PBXFileReference; explicitFileType = sourcecode.cpp.h; fileEncoding = 4; name = Foo.hh; path = cppframework/Foo.hh; sourceTree = SOURCE_ROOT; };
		49DAE6E0BB37427D990A1E80 /* MainViewController.mm */ = {isa = PBXFileReference; explicitFileType = sourcecode.cpp.objcpp; fileEncoding = 4; path = MainViewController.mm; sourceTree = SOURCE_ROOT; };
		4C59AA0C15DB4A4887DA1248 /* CMakeLists.txt */ = {isa = PBXFileReference; explicitFileType = sourcecode.text; fileEncoding = 4; lastKnownFileType = text; path = CMakeLists.txt; sourceTree = SOURCE_ROOT; };
		6590DD5B36DD4881ACCE0A40 /* CMakeLists.txt */ = {isa = PBXFileReference; explicitFileType = sourcecode.text; fileEncoding = 4; lastKnownFileType = text; path = CMakeLists.txt; sourceTree = SOURCE_ROOT; };
		693994C1D75B44A894F7D60D /* XJGARSDKResInterface.mm */ = {isa = PBXFileReference; explicitFileType = sourcecode.cpp.objcpp; fileEncoding = 4; path = XJGARSDKResInterface.mm; sourceTree = SOURCE_ROOT; };
		78BB383931EA459F986FAD0D /* XJGARSDKGLESContextManager.cpp */ = {isa = PBXFileReference; explicitFileType = sourcecode.cpp.cpp; fileEncoding = 4; name = XJGARSDKGLESContextManager.cpp; path = XJGARSDKDemo/XJGARSDKGLESContextManager.cpp; sourceTree = SOURCE_ROOT; };
		7A2768DAFED640BC93FB3D7F /* Assets.xcassets */ = {isa = PBXFileReference; fileEncoding = 4; lastKnownFileType = folder.assetcatalog; path = Assets.xcassets; sourceTree = SOURCE_ROOT; };
		839ED1F745E34BA69D381429 /* XJGARSDKImageOperator.cpp */ = {isa = PBXFileReference; explicitFileType = sourcecode.cpp.cpp; fileEncoding = 4; name = XJGARSDKImageOperator.cpp; path = XJGARSDKDemo/XJGARSDKImageOperator.cpp; sourceTree = SOURCE_ROOT; };
		92F60D73D42A47F48A51BCE7 /* XJGARSDKGLESContextManager.h */ = {isa = PBXFileReference; explicitFileType = sourcecode.c.h; fileEncoding = 4; name = XJGARSDKGLESContextManager.h; path = XJGARSDKDemo/XJGARSDKGLESContextManager.h; sourceTree = SOURCE_ROOT; };
		99A9A17531C74846BCED8AB4 /* AppDelegate.h */ = {isa = PBXFileReference; explicitFileType = sourcecode.c.h; fileEncoding = 4; path = AppDelegate.h; sourceTree = SOURCE_ROOT; };
		9B65206A8C424C989C323BC8 /* resbundle.bundle */ = {isa = PBXFileReference; fileEncoding = 4; lastKnownFileType = folder; path = resbundle.bundle; sourceTree = SOURCE_ROOT; };
		9C74B87AF011406A97036CCA /* Info.plist */ = {isa = PBXFileReference; explicitFileType = sourcecode.text.plist; fileEncoding = 4; lastKnownFileType = text.plist.xml; name = Info.plist; path = Xcode/CMakeFiles/XJGARSDKDemoApp.dir/Info.plist; sourceTree = SOURCE_ROOT; };
		A0A6F718EC2E459B9D651C91 /* XJGARSDKResInterface.h */ = {isa = PBXFileReference; explicitFileType = sourcecode.c.h; fileEncoding = 4; path = XJGARSDKResInterface.h; sourceTree = SOURCE_ROOT; };
		A6B6E57065D94D258E27D6B3 /* XJGARSDKShaderProgram.h */ = {isa = PBXFileReference; explicitFileType = sourcecode.c.h; fileEncoding = 4; name = XJGARSDKShaderProgram.h; path = XJGARSDKDemo/XJGARSDKShaderProgram.h; sourceTree = SOURCE_ROOT; };
		B2CFB52E1E004E3FA4C4CC02 /* CMakeLists.txt */ = {isa = PBXFileReference; explicitFileType = sourcecode.text; fileEncoding = 4; lastKnownFileType = text; name = CMakeLists.txt; path = cppframework/CMakeLists.txt; sourceTree = SOURCE_ROOT; };
		B357B8399F024B2698FAD12C /* XJGARSDKCameraOperator.h */ = {isa = PBXFileReference; explicitFileType = sourcecode.c.h; fileEncoding = 4; name = XJGARSDKCameraOperator.h; path = XJGARSDKDemo/XJGARSDKCameraOperator.h; sourceTree = SOURCE_ROOT; };
		B4215F9CAF9A47579FEE57AB /* MainViewController.h */ = {isa = PBXFileReference; explicitFileType = sourcecode.c.h; fileEncoding = 4; path = MainViewController.h; sourceTree = SOURCE_ROOT; };
		B94301F451644B18A001CC15 /* XJGARSDKGPUImageView.h */ = {isa = PBXFileReference; explicitFileType = sourcecode.c.h; fileEncoding = 4; name = XJGARSDKGPUImageView.h; path = XJGARSDKDemo/XJGARSDKGPUImageView.h; sourceTree = SOURCE_ROOT; };
		BFC18AB9C35840DF914F1397 /* XJGARSDKResSelViewController.mm */ = {isa = PBXFileReference; explicitFileType = sourcecode.cpp.objcpp; fileEncoding = 4; path = XJGARSDKResSelViewController.mm; sourceTree = SOURCE_ROOT; };
		C79E84B205F649649027E4F5 /* XJGARSDKGPUImageView.mm */ = {isa = PBXFileReference; explicitFileType = sourcecode.cpp.objcpp; fileEncoding = 4; name = XJGARSDKGPUImageView.mm; path = XJGARSDKDemo/XJGARSDKGPUImageView.mm; sourceTree = SOURCE_ROOT; };
		CA49CEB06C0D496AB0E11B98 /* XJGARSDKGPUImage.h */ = {isa = PBXFileReference; explicitFileType = sourcecode.c.h; fileEncoding = 4; name = XJGARSDKGPUImage.h; path = XJGARSDKDemo/XJGARSDKGPUImage.h; sourceTree = SOURCE_ROOT; };
		D427674004C44B8E8FBF14A1 /* XJGARSDKShaderProgram.cpp */ = {isa = PBXFileReference; explicitFileType = sourcecode.cpp.cpp; fileEncoding = 4; name = XJGARSDKShaderProgram.cpp; path = XJGARSDKDemo/XJGARSDKShaderProgram.cpp; sourceTree = SOURCE_ROOT; };
		D7B408CF87124537A3F8AAAC /* XJGARSDKImageOperator.h */ = {isa = PBXFileReference; explicitFileType = sourcecode.c.h; fileEncoding = 4; name = XJGARSDKImageOperator.h; path = XJGARSDKDemo/XJGARSDKImageOperator.h; sourceTree = SOURCE_ROOT; };
		D95228195EC24338B1E7087A /* AppDelegate.mm */ = {isa = PBXFileReference; explicitFileType = sourcecode.cpp.objcpp; fileEncoding = 4; path = AppDelegate.mm; sourceTree = SOURCE_ROOT; };
		DA13DA3F0BDF4516A6275E36 /* XJGARSDKFramebuffer.cpp */ = {isa = PBXFileReference; explicitFileType = sourcecode.cpp.cpp; fileEncoding = 4; name = XJGARSDKFramebuffer.cpp; path = XJGARSDKDemo/XJGARSDKFramebuffer.cpp; sourceTree = SOURCE_ROOT; };
		DB2DD3C2226D4EEE903A6F05 /* XJGARSDKDemoApp.app */ = {isa = PBXFileReference; explicitFileType = wrapper.application; path = XJGARSDKDemoApp.app; sourceTree = BUILT_PRODUCTS_DIR; };
		DB3793F978E84B6C8C623D11 /* XJGARSDKMacroDefinitions.h */ = {isa = PBXFileReference; explicitFileType = sourcecode.c.h; fileEncoding = 4; name = XJGARSDKMacroDefinitions.h; path = XJGARSDKDemo/XJGARSDKMacroDefinitions.h; sourceTree = SOURCE_ROOT; };
		EB761B6089614DE6AB7D7FCF /* CameraViewController.mm */ = {isa = PBXFileReference; explicitFileType = sourcecode.cpp.objcpp; fileEncoding = 4; path = CameraViewController.mm; sourceTree = SOURCE_ROOT; };
		F19FF78B3F764E86A23046EB /* main.mm */ = {isa = PBXFileReference; explicitFileType = sourcecode.cpp.objcpp; fileEncoding = 4; path = main.mm; sourceTree = SOURCE_ROOT; };
/* End PBXFileReference section */

/* Begin PBXGroup section */
		1943A78469F54CA298B9FF08 /* CMake Rules */ = {
			isa = PBXGroup;
			children = (
			);
			name = "CMake Rules";
			sourceTree = "<group>";
		};
		2707D40278754F56BA18A763 /* Source Files */ = {
			isa = PBXGroup;
			children = (
				D95228195EC24338B1E7087A /* AppDelegate.mm */,
				EB761B6089614DE6AB7D7FCF /* CameraViewController.mm */,
				0558C90365214DD8986EF106 /* ImageViewController.mm */,
				49DAE6E0BB37427D990A1E80 /* MainViewController.mm */,
				2A0F698E36744E57BAE2DA04 /* XJGARSDKCameraOperator.cpp */,
				DA13DA3F0BDF4516A6275E36 /* XJGARSDKFramebuffer.cpp */,
				78BB383931EA459F986FAD0D /* XJGARSDKGLESContextManager.cpp */,
				C79E84B205F649649027E4F5 /* XJGARSDKGPUImageView.mm */,
				839ED1F745E34BA69D381429 /* XJGARSDKImageOperator.cpp */,
				D427674004C44B8E8FBF14A1 /* XJGARSDKShaderProgram.cpp */,
				693994C1D75B44A894F7D60D /* XJGARSDKResInterface.mm */,
				BFC18AB9C35840DF914F1397 /* XJGARSDKResSelViewController.mm */,
				F19FF78B3F764E86A23046EB /* main.mm */,
			);
			name = "Source Files";
			sourceTree = "<group>";
		};
		2E173EE81BA948CBBA2C8431 /* CMake Rules */ = {
			isa = PBXGroup;
			children = (
			);
			name = "CMake Rules";
			sourceTree = "<group>";
		};
		40BB2DCA8F634643BFF80BE3 = {
			isa = PBXGroup;
			children = (
				D53A2BD9B3EF4B2F936925BF /* XJGARSDKDemoApp */,
				48079164303C4055BBE21DAE /* ALL_BUILD */,
				D77905153F95485798CD236B /* ZERO_CHECK */,
				4E0E22A1B3414D18A9AFA206 /* TestFramework */,
				761FAE47CD7D4D0A9AC6F80D /* Products */,
			);
			sourceTree = "<group>";
		};
		48079164303C4055BBE21DAE /* ALL_BUILD */ = {
			isa = PBXGroup;
			children = (
				1943A78469F54CA298B9FF08 /* CMake Rules */,
				6590DD5B36DD4881ACCE0A40 /* CMakeLists.txt */,
			);
			name = ALL_BUILD;
			sourceTree = "<group>";
		};
		4CB7FAE2C3B2468CAC2B56FA /* Resources */ = {
			isa = PBXGroup;
			children = (
				9C74B87AF011406A97036CCA /* Info.plist */,
			);
			name = Resources;
			sourceTree = "<group>";
		};
		4E0E22A1B3414D18A9AFA206 /* TestFramework */ = {
			isa = PBXGroup;
			children = (
				9EE0E888B58A4F22861535C1 /* Header Files */,
				F34BC2A149D44F35BE701E93 /* Source Files */,
				B2CFB52E1E004E3FA4C4CC02 /* CMakeLists.txt */,
			);
			name = TestFramework;
			sourceTree = "<group>";
		};
		64A19536B16045539F05BD8B /* Header Files */ = {
			isa = PBXGroup;
			children = (
				99A9A17531C74846BCED8AB4 /* AppDelegate.h */,
				44392BED0622499DB452F9AF /* CameraViewController.h */,
				2BCD4092176F46D8A41D33CF /* ImageViewController.h */,
				B4215F9CAF9A47579FEE57AB /* MainViewController.h */,
				B357B8399F024B2698FAD12C /* XJGARSDKCameraOperator.h */,
				277A17FBDA3D4A24B26201F3 /* XJGARSDKFramebuffer.h */,
				92F60D73D42A47F48A51BCE7 /* XJGARSDKGLESContextManager.h */,
				CA49CEB06C0D496AB0E11B98 /* XJGARSDKGPUImage.h */,
				386DA534162E434AA5B9133D /* XJGARSDKGPUImageTarget.h */,
				B94301F451644B18A001CC15 /* XJGARSDKGPUImageView.h */,
				D7B408CF87124537A3F8AAAC /* XJGARSDKImageOperator.h */,
				DB3793F978E84B6C8C623D11 /* XJGARSDKMacroDefinitions.h */,
				A6B6E57065D94D258E27D6B3 /* XJGARSDKShaderProgram.h */,
				A0A6F718EC2E459B9D651C91 /* XJGARSDKResInterface.h */,
				083C5F4EB57240FE980C727D /* XJGARSDKResSelViewController.h */,
			);
			name = "Header Files";
			sourceTree = "<group>";
		};
		761FAE47CD7D4D0A9AC6F80D /* Products */ = {
			isa = PBXGroup;
			children = (
				DB2DD3C2226D4EEE903A6F05 /* XJGARSDKDemoApp.app */,
				324E830AC55F448880218193 /* TestFramework.framework */,
			);
			name = Products;
			sourceTree = "<group>";
		};
		9EE0E888B58A4F22861535C1 /* Header Files */ = {
			isa = PBXGroup;
			children = (
				47273F98043344A8940E76DD /* Foo.hh */,
			);
			name = "Header Files";
			sourceTree = "<group>";
		};
		D53A2BD9B3EF4B2F936925BF /* XJGARSDKDemoApp */ = {
			isa = PBXGroup;
			children = (
				64A19536B16045539F05BD8B /* Header Files */,
				2707D40278754F56BA18A763 /* Source Files */,
				4CB7FAE2C3B2468CAC2B56FA /* Resources */,
				7A2768DAFED640BC93FB3D7F /* Assets.xcassets */,
				4C59AA0C15DB4A4887DA1248 /* CMakeLists.txt */,
				9B65206A8C424C989C323BC8 /* resbundle.bundle */,
			);
			name = XJGARSDKDemoApp;
			sourceTree = "<group>";
		};
		D77905153F95485798CD236B /* ZERO_CHECK */ = {
			isa = PBXGroup;
			children = (
				2E173EE81BA948CBBA2C8431 /* CMake Rules */,
				3B614680460348139F4332E0 /* CMakeLists.txt */,
			);
			name = ZERO_CHECK;
			sourceTree = "<group>";
		};
		F34BC2A149D44F35BE701E93 /* Source Files */ = {
			isa = PBXGroup;
			children = (
				1A7360497B8C4300BDBEFA67 /* Foo.cpp */,
			);
			name = "Source Files";
			sourceTree = "<group>";
		};
/* End PBXGroup section */

/* Begin PBXHeadersBuildPhase section */
		3F12C7683DD943658177F984 /* Headers */ = {
			isa = PBXHeadersBuildPhase;
			buildActionMask = 2147483647;
			files = (
				46332AE3E5A74203B2872D8D /* Foo.hh in Headers */,
			);
			runOnlyForDeploymentPostprocessing = 0;
		};
/* End PBXHeadersBuildPhase section */

/* Begin PBXNativeTarget section */
		6E404F154DDA4638B9841489 /* TestFramework */ = {
			isa = PBXNativeTarget;
			buildConfigurationList = 542C19B8870D4EB895853F40 /* Build configuration list for PBXNativeTarget "TestFramework" */;
			buildPhases = (
				3F12C7683DD943658177F984 /* Headers */,
				3A484933AB9F46058B80C9BD /* Sources */,
				82A44585650148A5A318B6BC /* CMake PostBuild Rules */,
			);
			buildRules = (
			);
			dependencies = (
				04F32AACCEE04048A75CC179 /* PBXTargetDependency */,
			);
			name = TestFramework;
			productName = TestFramework;
			productReference = 324E830AC55F448880218193 /* TestFramework.framework */;
			productType = "com.apple.product-type.framework";
		};
		798C7987C5E245B2B7497445 /* XJGARSDKDemoApp */ = {
			isa = PBXNativeTarget;
			buildConfigurationList = 527E40D61FEC479180A7A296 /* Build configuration list for PBXNativeTarget "XJGARSDKDemoApp" */;
			buildPhases = (
				714A898B3E0B4C9DB5742B00 /* Resources */,
				03422A9B8A9F4B2EB57FB53C /* Sources */,
				B5859A13F75041C18D8F5D3E /* CMake PostBuild Rules */,
			);
			buildRules = (
			);
			dependencies = (
				5E7B3DC7F9244C75AC925768 /* PBXTargetDependency */,
				1378E70EA6AF41B59D12C4E5 /* PBXTargetDependency */,
			);
			name = XJGARSDKDemoApp;
			productName = XJGARSDKDemoApp;
			productReference = DB2DD3C2226D4EEE903A6F05 /* XJGARSDKDemoApp.app */;
			productType = "com.apple.product-type.application";
		};
/* End PBXNativeTarget section */

/* Begin PBXProject section */
		04A9899C29FC452C9B115301 /* Project object */ = {
			isa = PBXProject;
			attributes = {
				BuildIndependentTargetsInParallel = YES;
				LastUpgradeCheck = 0820;
				TargetAttributes = {
					6E404F154DDA4638B9841489 = {
						DevelopmentTeam = 9M4EX46897;
					};
					798C7987C5E245B2B7497445 = {
						DevelopmentTeam = 9M4EX46897;
					};
				};
			};
			buildConfigurationList = BC9014F7653842D790D910E1 /* Build configuration list for PBXProject "XJGARSDKDemoApp" */;
			compatibilityVersion = "Xcode 3.2";
			developmentRegion = English;
			hasScannedForEncodings = 0;
			knownRegions = (
				en,
			);
			mainGroup = 40BB2DCA8F634643BFF80BE3;
			projectDirPath = ../;
			projectRoot = "";
			targets = (
				A06DFA6671F3496394116C37 /* ALL_BUILD */,
				798C7987C5E245B2B7497445 /* XJGARSDKDemoApp */,
				A78FDAE7AF7A4FEE80952FC7 /* ZERO_CHECK */,
				6E404F154DDA4638B9841489 /* TestFramework */,
			);
		};
/* End PBXProject section */

/* Begin PBXResourcesBuildPhase section */
		714A898B3E0B4C9DB5742B00 /* Resources */ = {
			isa = PBXResourcesBuildPhase;
			buildActionMask = 2147483647;
			files = (
				9A5610DAD37E4BA584A4BCB7 /* Assets.xcassets in Resources */,
				FB48859155FE408688AC4DB5 /* resbundle.bundle in Resources */,
			);
			runOnlyForDeploymentPostprocessing = 0;
		};
/* End PBXResourcesBuildPhase section */

/* Begin PBXShellScriptBuildPhase section */
		82A44585650148A5A318B6BC /* CMake PostBuild Rules */ = {
			isa = PBXShellScriptBuildPhase;
			buildActionMask = 2147483647;
			files = (
			);
			name = "CMake PostBuild Rules";
			runOnlyForDeploymentPostprocessing = 0;
			shellPath = /bin/sh;
			shellScript = "make -C /Users/jianxinluo/Desktop/Test/XJGARSDKDemoApp-ios/Xcode/cppframework -f /Users/jianxinluo/Desktop/Test/XJGARSDKDemoApp-ios/Xcode/cppframework/CMakeScripts/TestFramework_postBuildPhase.make$CONFIGURATION all";
			showEnvVarsInLog = 0;
		};
		865ECAA8C24240B4B032D226 /* CMake Rules */ = {
			isa = PBXShellScriptBuildPhase;
			buildActionMask = 2147483647;
			files = (
			);
			name = "CMake Rules";
			runOnlyForDeploymentPostprocessing = 0;
			shellPath = /bin/sh;
			shellScript = "make -C /Users/jianxinluo/Desktop/Test/XJGARSDKDemoApp-ios/Xcode -f /Users/jianxinluo/Desktop/Test/XJGARSDKDemoApp-ios/Xcode/CMakeScripts/ALL_BUILD_cmakeRulesBuildPhase.make$CONFIGURATION all";
			showEnvVarsInLog = 0;
		};
		B5859A13F75041C18D8F5D3E /* CMake PostBuild Rules */ = {
			isa = PBXShellScriptBuildPhase;
			buildActionMask = 2147483647;
			files = (
			);
			name = "CMake PostBuild Rules";
			runOnlyForDeploymentPostprocessing = 0;
			shellPath = /bin/sh;
			shellScript = "make -C /Users/jianxinluo/Desktop/Test/XJGARSDKDemoApp-ios/Xcode -f /Users/jianxinluo/Desktop/Test/XJGARSDKDemoApp-ios/Xcode/CMakeScripts/XJGARSDKDemoApp_postBuildPhase.make$CONFIGURATION all";
			showEnvVarsInLog = 0;
		};
		EFB19DEB51D54433AB5982BD /* CMake Rules */ = {
			isa = PBXShellScriptBuildPhase;
			buildActionMask = 2147483647;
			files = (
			);
			name = "CMake Rules";
			runOnlyForDeploymentPostprocessing = 0;
			shellPath = /bin/sh;
			shellScript = "make -C /Users/jianxinluo/Desktop/Test/XJGARSDKDemoApp-ios/Xcode -f /Users/jianxinluo/Desktop/Test/XJGARSDKDemoApp-ios/Xcode/CMakeScripts/ZERO_CHECK_cmakeRulesBuildPhase.make$CONFIGURATION all";
			showEnvVarsInLog = 0;
		};
/* End PBXShellScriptBuildPhase section */

/* Begin PBXSourcesBuildPhase section */
		03422A9B8A9F4B2EB57FB53C /* Sources */ = {
			isa = PBXSourcesBuildPhase;
			buildActionMask = 2147483647;
			files = (
				9F8DA2621BC043A2BE6DEC8A /* AppDelegate.mm in Sources */,
				08E4D9C044FE41A8A093D08D /* CameraViewController.mm in Sources */,
				CF9E4F6AFD6F454880FA02F6 /* ImageViewController.mm in Sources */,
				041C2272196C4AA7987FE239 /* MainViewController.mm in Sources */,
				19519EE572AD4907BD2C3D34 /* XJGARSDKCameraOperator.cpp in Sources */,
				B87C7D4FC95340ADBCB73543 /* XJGARSDKFramebuffer.cpp in Sources */,
				92B5DA9429EC407691BBD14F /* XJGARSDKGLESContextManager.cpp in Sources */,
				9C1280CF5D45458B9FAC51E8 /* XJGARSDKGPUImageView.mm in Sources */,
				63CF312D6C1B40A1B8AF6445 /* XJGARSDKImageOperator.cpp in Sources */,
				AAFEE50683C24ABDB3EEC845 /* XJGARSDKShaderProgram.cpp in Sources */,
				D90ED1D92FF147D49A8B7385 /* XJGARSDKResInterface.mm in Sources */,
				9BA2CF934AAC47E0900518BE /* XJGARSDKResSelViewController.mm in Sources */,
				7E211CE5C2C749798EB1539D /* main.mm in Sources */,
			);
			runOnlyForDeploymentPostprocessing = 0;
		};
		3A484933AB9F46058B80C9BD /* Sources */ = {
			isa = PBXSourcesBuildPhase;
			buildActionMask = 2147483647;
			files = (
				C19E44E7319247358EEBB579 /* Foo.cpp in Sources */,
			);
			runOnlyForDeploymentPostprocessing = 0;
		};
/* End PBXSourcesBuildPhase section */

/* Begin PBXTargetDependency section */
		04F32AACCEE04048A75CC179 /* PBXTargetDependency */ = {
			isa = PBXTargetDependency;
			target = A78FDAE7AF7A4FEE80952FC7 /* ZERO_CHECK */;
			targetProxy = 929894C5B945405AAA9950B4 /* PBXContainerItemProxy */;
		};
		1378E70EA6AF41B59D12C4E5 /* PBXTargetDependency */ = {
			isa = PBXTargetDependency;
			target = 6E404F154DDA4638B9841489 /* TestFramework */;
			targetProxy = A02EB9FA8F084003A284EAD5 /* PBXContainerItemProxy */;
		};
		1A1FBA4B6EC64CD8B4243D30 /* PBXTargetDependency */ = {
			isa = PBXTargetDependency;
			target = 798C7987C5E245B2B7497445 /* XJGARSDKDemoApp */;
			targetProxy = 667B8785E51E474399E583A5 /* PBXContainerItemProxy */;
		};
		5E7B3DC7F9244C75AC925768 /* PBXTargetDependency */ = {
			isa = PBXTargetDependency;
			target = A78FDAE7AF7A4FEE80952FC7 /* ZERO_CHECK */;
			targetProxy = 09037718810B4578A81AEC65 /* PBXContainerItemProxy */;
		};
		6D5EDA153C0342F8891D8578 /* PBXTargetDependency */ = {
			isa = PBXTargetDependency;
			target = A78FDAE7AF7A4FEE80952FC7 /* ZERO_CHECK */;
			targetProxy = 182C235593A74254A5D50F4B /* PBXContainerItemProxy */;
		};
		EE1ACC93A2B44B7186C3CC7D /* PBXTargetDependency */ = {
			isa = PBXTargetDependency;
			target = 6E404F154DDA4638B9841489 /* TestFramework */;
			targetProxy = FF5700CA44384A10A1E6BC1D /* PBXContainerItemProxy */;
		};
/* End PBXTargetDependency section */

/* Begin XCBuildConfiguration section */
		2B383D8A5ECF404B8F455BFB /* Release */ = {
			isa = XCBuildConfiguration;
			buildSettings = {
				COMBINE_HIDPI_IMAGES = YES;
				GCC_GENERATE_DEBUGGING_SYMBOLS = YES;
				GCC_INLINES_ARE_PRIVATE_EXTERN = NO;
				GCC_OPTIMIZATION_LEVEL = 0;
				GCC_PREPROCESSOR_DEFINITIONS = "'CMAKE_INTDIR=\"$(CONFIGURATION)$(EFFECTIVE_PLATFORM_NAME)\"'";
				GCC_SYMBOLS_PRIVATE_EXTERN = NO;
				HEADER_SEARCH_PATHS = (
					"/Users/jianxinluo/Desktop/Test/XJGARSDKDemoApp-ios/./XJGARSDKDemo",
					"/Users/jianxinluo/Desktop/Test/XJGARSDKDemoApp-ios/./XJGARSDKFramework.framework/Headers",
				);
				INSTALL_PATH = "";
				OTHER_LDFLAGS = " ";
				OTHER_REZFLAGS = "";
				PRODUCT_NAME = ALL_BUILD;
				SECTORDER_FLAGS = "";
				SYMROOT = "/Users/jianxinluo/Desktop/Test/XJGARSDKDemoApp-ios/Xcode";
				USE_HEADERMAP = NO;
				WARNING_CFLAGS = (
					"-Wmost",
					"-Wno-four-char-constants",
					"-Wno-unknown-pragmas",
					"$(inherited)",
				);
			};
			name = Release;
		};
		2E97B34ACB5C4578A075E21A /* RelWithDebInfo */ = {
			isa = XCBuildConfiguration;
			buildSettings = {
				ARCHS = (
					armv7,
					armv7s,
					arm64,
				);
				CLANG_ENABLE_OBJC_ARC = YES;
				CODE_SIGN_IDENTITY = "iPhone Developer";
				COMBINE_HIDPI_IMAGES = NO;
				DEBUG_INFORMATION_FORMAT = "dwarf-with-dsym";
				DEVELOPMENT_TEAM = 9M4EX46897;
				ENABLE_TESTABILITY = YES;
				EXECUTABLE_PREFIX = "";
				EXECUTABLE_SUFFIX = "";
				FRAMEWORK_SEARCH_PATHS = (
					"/Users/jianxinluo/Desktop/Test/XJGARSDKDemoApp-ios/Xcode/cppframework/${CONFIGURATION}${EFFECTIVE_PLATFORM_NAME}",
					"/Users/jianxinluo/Desktop/Test/XJGARSDKDemoApp-ios",
				);
				GCC_GENERATE_DEBUGGING_SYMBOLS = YES;
				GCC_INLINES_ARE_PRIVATE_EXTERN = NO;
				GCC_OPTIMIZATION_LEVEL = 2;
				GCC_PRECOMPILE_PREFIX_HEADER = YES;
				GCC_PREFIX_HEADER = "/Users/jianxinluo/Desktop/Test/XJGARSDKDemoApp-ios/Prefix.pch";
				GCC_PREPROCESSOR_DEFINITIONS = "'CMAKE_INTDIR=\"$(CONFIGURATION)$(EFFECTIVE_PLATFORM_NAME)\"'";
				GCC_SYMBOLS_PRIVATE_EXTERN = YES;
				HEADER_SEARCH_PATHS = (
					"/Users/jianxinluo/Desktop/Test/XJGARSDKDemoApp-ios/./XJGARSDKDemo",
					"/Users/jianxinluo/Desktop/Test/XJGARSDKDemoApp-ios/./XJGARSDKFramework.framework/Headers",
					"/Users/jianxinluo/Desktop/Test/XJGARSDKDemoApp-ios/Xcode/cppframework/./${CONFIGURATION}${EFFECTIVE_PLATFORM_NAME}/TestFramework.framework/Headers",
				);
				INFOPLIST_FILE = "/Users/jianxinluo/Desktop/Test/XJGARSDKDemoApp-ios/Xcode/CMakeFiles/XJGARSDKDemoApp.dir/Info.plist";
				INSTALL_PATH = "$(LOCAL_APPS_DIR)";
				IPHONEOS_DEPLOYMENT_TARGET = 8.0;
				LD_RUNPATH_SEARCH_PATHS = "@executable_path/Frameworks";
				LIBRARY_SEARCH_PATHS = "";
				ONLY_ACTIVE_ARCH = NO;
				OTHER_CPLUSPLUSFLAGS = (
					"-x",
					"objective-c++",
					"-fobjc-arc",
					"-std=c++11",
					"-fobjc-arc",
					"-DNDEBUG",
					"-I/Users/jianxinluo/Desktop/Test/XJGARSDKDemoApp-ios/./XJGARSDKDemo",
					"-I/Users/jianxinluo/Desktop/Test/XJGARSDKDemoApp-ios/./XJGARSDKFramework.framework/Headers",
					"-I\"/Users/jianxinluo/Desktop/Test/XJGARSDKDemoApp-ios/Xcode/cppframework/./\\$${CONFIGURATION}\\$${EFFECTIVE_PLATFORM_NAME}/TestFramework.framework/Headers\"",
					"-F\"/Users/jianxinluo/Desktop/Test/XJGARSDKDemoApp-ios/Xcode/cppframework/\\$${CONFIGURATION}\\$${EFFECTIVE_PLATFORM_NAME}\"",
				);
				OTHER_LDFLAGS = (
					"-Wl,-headerpad_max_install_names",
					"-framework",
					Foundation,
					"-framework",
					AVFoundation,
					"-framework",
					CoreMedia,
					"-framework",
					OpenGLES,
					"-framework",
					CoreGraphics,
					"-framework",
					GLKit,
					"-framework",
					UIKit,
					"-framework",
					MobileCoreServices,
					"-framework",
					CFNetwork,
					"-framework",
					SystemConfiguration,
					"-framework",
					CoreTelephony,
					"-framework",
					CoreVideo,
					"-framework",
					MessageUI,
					"-framework",
					QuartzCore,
					"-framework",
					CoreData,
					"-framework",
					XJGARSDKFramework,
					"/Users/jianxinluo/Desktop/Test/XJGARSDKDemoApp-ios/Xcode/cppframework/./${CONFIGURATION}${EFFECTIVE_PLATFORM_NAME}/TestFramework.framework/TestFramework",
				);
				OTHER_REZFLAGS = "";
				PRODUCT_NAME = XJGARSDKDemoApp;
				SECTORDER_FLAGS = "";
				SYMROOT = "/Users/jianxinluo/Desktop/Test/XJGARSDKDemoApp-ios/Xcode";
				TARGETED_DEVICE_FAMILY = 1;
				USE_HEADERMAP = NO;
				WARNING_CFLAGS = (
					"-Wmost",
					"-Wno-four-char-constants",
					"-Wno-unknown-pragmas",
					"$(inherited)",
				);
			};
			name = RelWithDebInfo;
		};
		3F7B071635934CDAB2CCD6F5 /* MinSizeRel */ = {
			isa = XCBuildConfiguration;
			buildSettings = {
				COMBINE_HIDPI_IMAGES = YES;
				GCC_GENERATE_DEBUGGING_SYMBOLS = YES;
				GCC_INLINES_ARE_PRIVATE_EXTERN = NO;
				GCC_OPTIMIZATION_LEVEL = 0;
				GCC_PREPROCESSOR_DEFINITIONS = "'CMAKE_INTDIR=\"$(CONFIGURATION)$(EFFECTIVE_PLATFORM_NAME)\"'";
				GCC_SYMBOLS_PRIVATE_EXTERN = NO;
				HEADER_SEARCH_PATHS = (
					"/Users/jianxinluo/Desktop/Test/XJGARSDKDemoApp-ios/./XJGARSDKDemo",
					"/Users/jianxinluo/Desktop/Test/XJGARSDKDemoApp-ios/./XJGARSDKFramework.framework/Headers",
				);
				INSTALL_PATH = "";
				OTHER_LDFLAGS = " ";
				OTHER_REZFLAGS = "";
				PRODUCT_NAME = ZERO_CHECK;
				SECTORDER_FLAGS = "";
				SYMROOT = "/Users/jianxinluo/Desktop/Test/XJGARSDKDemoApp-ios/Xcode";
				USE_HEADERMAP = NO;
				WARNING_CFLAGS = (
					"-Wmost",
					"-Wno-four-char-constants",
					"-Wno-unknown-pragmas",
					"$(inherited)",
				);
			};
			name = MinSizeRel;
		};
		4207382A134E4A2B859E1D5F /* Release */ = {
			isa = XCBuildConfiguration;
			buildSettings = {
				ARCHS = (
					armv7,
					armv7s,
					arm64,
				);
				SDKROOT = /Applications/Xcode.app/Contents/Developer/Platforms/iPhoneOS.platform/Developer/SDKs/iPhoneOS10.2.sdk;
				SYMROOT = "/Users/jianxinluo/Desktop/Test/XJGARSDKDemoApp-ios/Xcode/build";
			};
			name = Release;
		};
		61ADBC7AAA984BC1A79B93F6 /* MinSizeRel */ = {
			isa = XCBuildConfiguration;
			buildSettings = {
				ARCHS = (
					armv7,
					armv7s,
					arm64,
				);
				CLANG_ENABLE_OBJC_ARC = YES;
				CODE_SIGN_IDENTITY = "iPhone Developer";
				COMBINE_HIDPI_IMAGES = NO;
				DEBUG_INFORMATION_FORMAT = "dwarf-with-dsym";
				DEVELOPMENT_TEAM = 9M4EX46897;
				ENABLE_TESTABILITY = YES;
				EXECUTABLE_PREFIX = "";
				EXECUTABLE_SUFFIX = "";
				FRAMEWORK_SEARCH_PATHS = (
					"/Users/jianxinluo/Desktop/Test/XJGARSDKDemoApp-ios/Xcode/cppframework/${CONFIGURATION}${EFFECTIVE_PLATFORM_NAME}",
					"/Users/jianxinluo/Desktop/Test/XJGARSDKDemoApp-ios",
				);
				GCC_GENERATE_DEBUGGING_SYMBOLS = NO;
				GCC_INLINES_ARE_PRIVATE_EXTERN = NO;
				GCC_OPTIMIZATION_LEVEL = s;
				GCC_PRECOMPILE_PREFIX_HEADER = YES;
				GCC_PREFIX_HEADER = "/Users/jianxinluo/Desktop/Test/XJGARSDKDemoApp-ios/Prefix.pch";
				GCC_PREPROCESSOR_DEFINITIONS = "'CMAKE_INTDIR=\"$(CONFIGURATION)$(EFFECTIVE_PLATFORM_NAME)\"'";
				GCC_SYMBOLS_PRIVATE_EXTERN = YES;
				HEADER_SEARCH_PATHS = (
					"/Users/jianxinluo/Desktop/Test/XJGARSDKDemoApp-ios/./XJGARSDKDemo",
					"/Users/jianxinluo/Desktop/Test/XJGARSDKDemoApp-ios/./XJGARSDKFramework.framework/Headers",
					"/Users/jianxinluo/Desktop/Test/XJGARSDKDemoApp-ios/Xcode/cppframework/./${CONFIGURATION}${EFFECTIVE_PLATFORM_NAME}/TestFramework.framework/Headers",
				);
				INFOPLIST_FILE = "/Users/jianxinluo/Desktop/Test/XJGARSDKDemoApp-ios/Xcode/CMakeFiles/XJGARSDKDemoApp.dir/Info.plist";
				INSTALL_PATH = "$(LOCAL_APPS_DIR)";
				IPHONEOS_DEPLOYMENT_TARGET = 8.0;
				LD_RUNPATH_SEARCH_PATHS = "@executable_path/Frameworks";
				LIBRARY_SEARCH_PATHS = "";
				ONLY_ACTIVE_ARCH = NO;
				OTHER_CPLUSPLUSFLAGS = (
					"-x",
					"objective-c++",
					"-fobjc-arc",
					"-std=c++11",
					"-fobjc-arc",
					"-DNDEBUG",
					"-I/Users/jianxinluo/Desktop/Test/XJGARSDKDemoApp-ios/./XJGARSDKDemo",
					"-I/Users/jianxinluo/Desktop/Test/XJGARSDKDemoApp-ios/./XJGARSDKFramework.framework/Headers",
					"-I\"/Users/jianxinluo/Desktop/Test/XJGARSDKDemoApp-ios/Xcode/cppframework/./\\$${CONFIGURATION}\\$${EFFECTIVE_PLATFORM_NAME}/TestFramework.framework/Headers\"",
					"-F\"/Users/jianxinluo/Desktop/Test/XJGARSDKDemoApp-ios/Xcode/cppframework/\\$${CONFIGURATION}\\$${EFFECTIVE_PLATFORM_NAME}\"",
				);
				OTHER_LDFLAGS = (
					"-Wl,-headerpad_max_install_names",
					"-framework",
					Foundation,
					"-framework",
					AVFoundation,
					"-framework",
					CoreMedia,
					"-framework",
					OpenGLES,
					"-framework",
					CoreGraphics,
					"-framework",
					GLKit,
					"-framework",
					UIKit,
					"-framework",
					MobileCoreServices,
					"-framework",
					CFNetwork,
					"-framework",
					SystemConfiguration,
					"-framework",
					CoreTelephony,
					"-framework",
					CoreVideo,
					"-framework",
					MessageUI,
					"-framework",
					QuartzCore,
					"-framework",
					CoreData,
					"-framework",
					XJGARSDKFramework,
					"/Users/jianxinluo/Desktop/Test/XJGARSDKDemoApp-ios/Xcode/cppframework/./${CONFIGURATION}${EFFECTIVE_PLATFORM_NAME}/TestFramework.framework/TestFramework",
				);
				OTHER_REZFLAGS = "";
				PRODUCT_NAME = XJGARSDKDemoApp;
				SECTORDER_FLAGS = "";
				SYMROOT = "/Users/jianxinluo/Desktop/Test/XJGARSDKDemoApp-ios/Xcode";
				TARGETED_DEVICE_FAMILY = 1;
				USE_HEADERMAP = NO;
				WARNING_CFLAGS = (
					"-Wmost",
					"-Wno-four-char-constants",
					"-Wno-unknown-pragmas",
					"$(inherited)",
				);
			};
			name = MinSizeRel;
		};
		7822151D43DE4B968A9D9599 /* Debug */ = {
			isa = XCBuildConfiguration;
			buildSettings = {
				ARCHS = (
					armv7,
					armv7s,
					arm64,
				);
				CODE_SIGN_IDENTITY = "iPhone Developer";
				COMBINE_HIDPI_IMAGES = YES;
				DEVELOPMENT_TEAM = 9M4EX46897;
				DYLIB_COMPATIBILITY_VERSION = 1.0.0;
				DYLIB_CURRENT_VERSION = 1.0.0;
				EXECUTABLE_PREFIX = "";
				EXECUTABLE_SUFFIX = "";
				FRAMEWORK_VERSION = A;
				GCC_GENERATE_DEBUGGING_SYMBOLS = YES;
				GCC_INLINES_ARE_PRIVATE_EXTERN = NO;
				GCC_OPTIMIZATION_LEVEL = 0;
				GCC_PREPROCESSOR_DEFINITIONS = (
					"'CMAKE_INTDIR=\"$(CONFIGURATION)$(EFFECTIVE_PLATFORM_NAME)\"'",
					TestFramework_EXPORTS,
				);
				GCC_SYMBOLS_PRIVATE_EXTERN = NO;
				HEADER_SEARCH_PATHS = (
					"/Users/jianxinluo/Desktop/Test/XJGARSDKDemoApp-ios/./XJGARSDKDemo",
					"/Users/jianxinluo/Desktop/Test/XJGARSDKDemoApp-ios/cppframework/.",
					"/Users/jianxinluo/Desktop/Test/XJGARSDKDemoApp-ios/cppframework/./filter",
					"/Users/jianxinluo/Desktop/Test/XJGARSDKDemoApp-ios/cppframework/./source",
					"/Users/jianxinluo/Desktop/Test/XJGARSDKDemoApp-ios/cppframework/./target",
					"/Users/jianxinluo/Desktop/Test/XJGARSDKDemoApp-ios/cppframework/./target/IOS",
				);
				INFOPLIST_FILE = "/Users/jianxinluo/Desktop/Test/XJGARSDKDemoApp-ios/Xcode/cppframework/CMakeFiles/TestFramework.dir/Info.plist";
				INSTALL_PATH = "/Users/jianxinluo/Desktop/Test/XJGARSDKDemoApp-ios/Xcode/cppframework/Debug${EFFECTIVE_PLATFORM_NAME}";
				IPHONEOS_DEPLOYMENT_TARGET = 8.0;
				LIBRARY_SEARCH_PATHS = "";
				LIBRARY_STYLE = DYNAMIC;
				ONLY_ACTIVE_ARCH = NO;
				OTHER_CFLAGS = (
					"-fvisibility=hidden",
					"-fvisibility-inlines-hidden",
				);
				OTHER_CPLUSPLUSFLAGS = (
					"-x",
					"objective-c++",
					"-fobjc-arc",
					"-std=c++11",
					"-fPIC",
					"-fvisibility=hidden",
					"-fvisibility-inlines-hidden",
					"-I/Users/jianxinluo/Desktop/Test/XJGARSDKDemoApp-ios/./XJGARSDKDemo",
					"-I/Users/jianxinluo/Desktop/Test/XJGARSDKDemoApp-ios/cppframework/.",
					"-I/Users/jianxinluo/Desktop/Test/XJGARSDKDemoApp-ios/cppframework/./filter",
					"-I/Users/jianxinluo/Desktop/Test/XJGARSDKDemoApp-ios/cppframework/./source",
					"-I/Users/jianxinluo/Desktop/Test/XJGARSDKDemoApp-ios/cppframework/./target",
					"-I/Users/jianxinluo/Desktop/Test/XJGARSDKDemoApp-ios/cppframework/./target/IOS",
				);
				OTHER_LDFLAGS = (
					"-Wall",
					"-framework",
					AVFoundation,
					"-framework",
					CoreMedia,
					"-framework",
					OpenGLES,
					"-framework",
					CoreGraphics,
					"-framework",
					GLKit,
					"-framework",
					UIKit,
					"-framework",
					Foundation,
					"-framework",
					MobileCoreServices,
					"-framework",
					CFNetwork,
					"-framework",
					SystemConfiguration,
					"-framework",
					CoreTelephony,
					"-framework",
					CoreVideo,
					"-framework",
					MessageUI,
					"-framework",
					QuartzCore,
					"-framework",
					CoreData,
				);
				OTHER_REZFLAGS = "";
				PRODUCT_NAME = TestFramework;
				SECTORDER_FLAGS = "";
				SKIP_INSTALL = YES;
				SYMROOT = "/Users/jianxinluo/Desktop/Test/XJGARSDKDemoApp-ios/Xcode/cppframework";
				TARGETED_DEVICE_FAMILY = 1;
				USE_HEADERMAP = NO;
				WARNING_CFLAGS = (
					"-Wmost",
					"-Wno-four-char-constants",
					"-Wno-unknown-pragmas",
					"$(inherited)",
				);
			};
			name = Debug;
		};
		7B9E752FFA1E40338AB1B212 /* Debug */ = {
			isa = XCBuildConfiguration;
			buildSettings = {
				ARCHS = (
					armv7,
					armv7s,
					arm64,
				);
				SDKROOT = /Applications/Xcode.app/Contents/Developer/Platforms/iPhoneOS.platform/Developer/SDKs/iPhoneOS10.2.sdk;
				SYMROOT = "/Users/jianxinluo/Desktop/Test/XJGARSDKDemoApp-ios/Xcode/build";
			};
			name = Debug;
		};
		805A8A93EA7C48E299DC56A6 /* Release */ = {
			isa = XCBuildConfiguration;
			buildSettings = {
				ARCHS = (
					armv7,
					armv7s,
					arm64,
				);
				CODE_SIGN_IDENTITY = "iPhone Developer";
				COMBINE_HIDPI_IMAGES = YES;
				DEVELOPMENT_TEAM = 9M4EX46897;
				DYLIB_COMPATIBILITY_VERSION = 1.0.0;
				DYLIB_CURRENT_VERSION = 1.0.0;
				EXECUTABLE_PREFIX = "";
				EXECUTABLE_SUFFIX = "";
				FRAMEWORK_VERSION = A;
				GCC_GENERATE_DEBUGGING_SYMBOLS = NO;
				GCC_INLINES_ARE_PRIVATE_EXTERN = NO;
				GCC_OPTIMIZATION_LEVEL = 3;
				GCC_PREPROCESSOR_DEFINITIONS = (
					"'CMAKE_INTDIR=\"$(CONFIGURATION)$(EFFECTIVE_PLATFORM_NAME)\"'",
					TestFramework_EXPORTS,
				);
				GCC_SYMBOLS_PRIVATE_EXTERN = NO;
				HEADER_SEARCH_PATHS = (
					"/Users/jianxinluo/Desktop/Test/XJGARSDKDemoApp-ios/./XJGARSDKDemo",
					"/Users/jianxinluo/Desktop/Test/XJGARSDKDemoApp-ios/cppframework/.",
					"/Users/jianxinluo/Desktop/Test/XJGARSDKDemoApp-ios/cppframework/./filter",
					"/Users/jianxinluo/Desktop/Test/XJGARSDKDemoApp-ios/cppframework/./source",
					"/Users/jianxinluo/Desktop/Test/XJGARSDKDemoApp-ios/cppframework/./target",
					"/Users/jianxinluo/Desktop/Test/XJGARSDKDemoApp-ios/cppframework/./target/IOS",
				);
				INFOPLIST_FILE = "/Users/jianxinluo/Desktop/Test/XJGARSDKDemoApp-ios/Xcode/cppframework/CMakeFiles/TestFramework.dir/Info.plist";
				INSTALL_PATH = "/Users/jianxinluo/Desktop/Test/XJGARSDKDemoApp-ios/Xcode/cppframework/Release${EFFECTIVE_PLATFORM_NAME}";
				IPHONEOS_DEPLOYMENT_TARGET = 8.0;
				LIBRARY_SEARCH_PATHS = "";
				LIBRARY_STYLE = DYNAMIC;
				ONLY_ACTIVE_ARCH = NO;
				OTHER_CFLAGS = (
					"-fvisibility=hidden",
					"-fvisibility-inlines-hidden",
				);
				OTHER_CPLUSPLUSFLAGS = (
					"-x",
					"objective-c++",
					"-fobjc-arc",
					"-std=c++11",
					"-DNDEBUG",
					"-fPIC",
					"-fvisibility=hidden",
					"-fvisibility-inlines-hidden",
					"-I/Users/jianxinluo/Desktop/Test/XJGARSDKDemoApp-ios/./XJGARSDKDemo",
					"-I/Users/jianxinluo/Desktop/Test/XJGARSDKDemoApp-ios/cppframework/.",
					"-I/Users/jianxinluo/Desktop/Test/XJGARSDKDemoApp-ios/cppframework/./filter",
					"-I/Users/jianxinluo/Desktop/Test/XJGARSDKDemoApp-ios/cppframework/./source",
					"-I/Users/jianxinluo/Desktop/Test/XJGARSDKDemoApp-ios/cppframework/./target",
					"-I/Users/jianxinluo/Desktop/Test/XJGARSDKDemoApp-ios/cppframework/./target/IOS",
				);
				OTHER_LDFLAGS = (
					"-Wall",
					"-framework",
					AVFoundation,
					"-framework",
					CoreMedia,
					"-framework",
					OpenGLES,
					"-framework",
					CoreGraphics,
					"-framework",
					GLKit,
					"-framework",
					UIKit,
					"-framework",
					Foundation,
					"-framework",
					MobileCoreServices,
					"-framework",
					CFNetwork,
					"-framework",
					SystemConfiguration,
					"-framework",
					CoreTelephony,
					"-framework",
					CoreVideo,
					"-framework",
					MessageUI,
					"-framework",
					QuartzCore,
					"-framework",
					CoreData,
				);
				OTHER_REZFLAGS = "";
				PRODUCT_NAME = TestFramework;
				SECTORDER_FLAGS = "";
				SKIP_INSTALL = YES;
				SYMROOT = "/Users/jianxinluo/Desktop/Test/XJGARSDKDemoApp-ios/Xcode/cppframework";
				TARGETED_DEVICE_FAMILY = 1;
				USE_HEADERMAP = NO;
				WARNING_CFLAGS = (
					"-Wmost",
					"-Wno-four-char-constants",
					"-Wno-unknown-pragmas",
					"$(inherited)",
				);
			};
			name = Release;
		};
		89F96072178B461D8CD47F9C /* MinSizeRel */ = {
			isa = XCBuildConfiguration;
			buildSettings = {
				ARCHS = (
					armv7,
					armv7s,
					arm64,
				);
				CODE_SIGN_IDENTITY = "iPhone Developer";
				COMBINE_HIDPI_IMAGES = YES;
				DEVELOPMENT_TEAM = 9M4EX46897;
				DYLIB_COMPATIBILITY_VERSION = 1.0.0;
				DYLIB_CURRENT_VERSION = 1.0.0;
				EXECUTABLE_PREFIX = "";
				EXECUTABLE_SUFFIX = "";
				FRAMEWORK_VERSION = A;
				GCC_GENERATE_DEBUGGING_SYMBOLS = NO;
				GCC_INLINES_ARE_PRIVATE_EXTERN = NO;
				GCC_OPTIMIZATION_LEVEL = s;
				GCC_PREPROCESSOR_DEFINITIONS = (
					"'CMAKE_INTDIR=\"$(CONFIGURATION)$(EFFECTIVE_PLATFORM_NAME)\"'",
					TestFramework_EXPORTS,
				);
				GCC_SYMBOLS_PRIVATE_EXTERN = NO;
				HEADER_SEARCH_PATHS = (
					"/Users/jianxinluo/Desktop/Test/XJGARSDKDemoApp-ios/./XJGARSDKDemo",
					"/Users/jianxinluo/Desktop/Test/XJGARSDKDemoApp-ios/cppframework/.",
					"/Users/jianxinluo/Desktop/Test/XJGARSDKDemoApp-ios/cppframework/./filter",
					"/Users/jianxinluo/Desktop/Test/XJGARSDKDemoApp-ios/cppframework/./source",
					"/Users/jianxinluo/Desktop/Test/XJGARSDKDemoApp-ios/cppframework/./target",
					"/Users/jianxinluo/Desktop/Test/XJGARSDKDemoApp-ios/cppframework/./target/IOS",
				);
				INFOPLIST_FILE = "/Users/jianxinluo/Desktop/Test/XJGARSDKDemoApp-ios/Xcode/cppframework/CMakeFiles/TestFramework.dir/Info.plist";
				INSTALL_PATH = "/Users/jianxinluo/Desktop/Test/XJGARSDKDemoApp-ios/Xcode/cppframework/MinSizeRel${EFFECTIVE_PLATFORM_NAME}";
				IPHONEOS_DEPLOYMENT_TARGET = 8.0;
				LIBRARY_SEARCH_PATHS = "";
				LIBRARY_STYLE = DYNAMIC;
				ONLY_ACTIVE_ARCH = NO;
				OTHER_CFLAGS = (
					"-fvisibility=hidden",
					"-fvisibility-inlines-hidden",
				);
				OTHER_CPLUSPLUSFLAGS = (
					"-x",
					"objective-c++",
					"-fobjc-arc",
					"-std=c++11",
					"-DNDEBUG",
					"-fPIC",
					"-fvisibility=hidden",
					"-fvisibility-inlines-hidden",
					"-I/Users/jianxinluo/Desktop/Test/XJGARSDKDemoApp-ios/./XJGARSDKDemo",
					"-I/Users/jianxinluo/Desktop/Test/XJGARSDKDemoApp-ios/cppframework/.",
					"-I/Users/jianxinluo/Desktop/Test/XJGARSDKDemoApp-ios/cppframework/./filter",
					"-I/Users/jianxinluo/Desktop/Test/XJGARSDKDemoApp-ios/cppframework/./source",
					"-I/Users/jianxinluo/Desktop/Test/XJGARSDKDemoApp-ios/cppframework/./target",
					"-I/Users/jianxinluo/Desktop/Test/XJGARSDKDemoApp-ios/cppframework/./target/IOS",
				);
				OTHER_LDFLAGS = (
					"-Wall",
					"-framework",
					AVFoundation,
					"-framework",
					CoreMedia,
					"-framework",
					OpenGLES,
					"-framework",
					CoreGraphics,
					"-framework",
					GLKit,
					"-framework",
					UIKit,
					"-framework",
					Foundation,
					"-framework",
					MobileCoreServices,
					"-framework",
					CFNetwork,
					"-framework",
					SystemConfiguration,
					"-framework",
					CoreTelephony,
					"-framework",
					CoreVideo,
					"-framework",
					MessageUI,
					"-framework",
					QuartzCore,
					"-framework",
					CoreData,
				);
				OTHER_REZFLAGS = "";
				PRODUCT_NAME = TestFramework;
				SECTORDER_FLAGS = "";
				SKIP_INSTALL = YES;
				SYMROOT = "/Users/jianxinluo/Desktop/Test/XJGARSDKDemoApp-ios/Xcode/cppframework";
				TARGETED_DEVICE_FAMILY = 1;
				USE_HEADERMAP = NO;
				WARNING_CFLAGS = (
					"-Wmost",
					"-Wno-four-char-constants",
					"-Wno-unknown-pragmas",
					"$(inherited)",
				);
			};
			name = MinSizeRel;
		};
		901059220A484BE6BD6FF3AA /* Debug */ = {
			isa = XCBuildConfiguration;
			buildSettings = {
				COMBINE_HIDPI_IMAGES = YES;
				GCC_GENERATE_DEBUGGING_SYMBOLS = YES;
				GCC_INLINES_ARE_PRIVATE_EXTERN = NO;
				GCC_OPTIMIZATION_LEVEL = 0;
				GCC_PREPROCESSOR_DEFINITIONS = "'CMAKE_INTDIR=\"$(CONFIGURATION)$(EFFECTIVE_PLATFORM_NAME)\"'";
				GCC_SYMBOLS_PRIVATE_EXTERN = NO;
				HEADER_SEARCH_PATHS = (
					"/Users/jianxinluo/Desktop/Test/XJGARSDKDemoApp-ios/./XJGARSDKDemo",
					"/Users/jianxinluo/Desktop/Test/XJGARSDKDemoApp-ios/./XJGARSDKFramework.framework/Headers",
				);
				INSTALL_PATH = "";
				OTHER_LDFLAGS = " ";
				OTHER_REZFLAGS = "";
				PRODUCT_NAME = ALL_BUILD;
				SECTORDER_FLAGS = "";
				SYMROOT = "/Users/jianxinluo/Desktop/Test/XJGARSDKDemoApp-ios/Xcode";
				USE_HEADERMAP = NO;
				WARNING_CFLAGS = (
					"-Wmost",
					"-Wno-four-char-constants",
					"-Wno-unknown-pragmas",
					"$(inherited)",
				);
			};
			name = Debug;
		};
		92857B2008884F8EA3EB3EC2 /* Release */ = {
			isa = XCBuildConfiguration;
			buildSettings = {
				ARCHS = (
					armv7,
					armv7s,
					arm64,
				);
				CLANG_ENABLE_OBJC_ARC = YES;
				CODE_SIGN_IDENTITY = "iPhone Developer";
				COMBINE_HIDPI_IMAGES = NO;
				DEBUG_INFORMATION_FORMAT = "dwarf-with-dsym";
				DEVELOPMENT_TEAM = 9M4EX46897;
				ENABLE_TESTABILITY = YES;
				EXECUTABLE_PREFIX = "";
				EXECUTABLE_SUFFIX = "";
				FRAMEWORK_SEARCH_PATHS = (
					"/Users/jianxinluo/Desktop/Test/XJGARSDKDemoApp-ios/Xcode/cppframework/${CONFIGURATION}${EFFECTIVE_PLATFORM_NAME}",
					"/Users/jianxinluo/Desktop/Test/XJGARSDKDemoApp-ios",
				);
				GCC_GENERATE_DEBUGGING_SYMBOLS = NO;
				GCC_INLINES_ARE_PRIVATE_EXTERN = NO;
				GCC_OPTIMIZATION_LEVEL = 3;
				GCC_PRECOMPILE_PREFIX_HEADER = YES;
				GCC_PREFIX_HEADER = "/Users/jianxinluo/Desktop/Test/XJGARSDKDemoApp-ios/Prefix.pch";
				GCC_PREPROCESSOR_DEFINITIONS = "'CMAKE_INTDIR=\"$(CONFIGURATION)$(EFFECTIVE_PLATFORM_NAME)\"'";
				GCC_SYMBOLS_PRIVATE_EXTERN = YES;
				HEADER_SEARCH_PATHS = (
					"/Users/jianxinluo/Desktop/Test/XJGARSDKDemoApp-ios/./XJGARSDKDemo",
					"/Users/jianxinluo/Desktop/Test/XJGARSDKDemoApp-ios/./XJGARSDKFramework.framework/Headers",
					"/Users/jianxinluo/Desktop/Test/XJGARSDKDemoApp-ios/Xcode/cppframework/./${CONFIGURATION}${EFFECTIVE_PLATFORM_NAME}/TestFramework.framework/Headers",
				);
				INFOPLIST_FILE = "/Users/jianxinluo/Desktop/Test/XJGARSDKDemoApp-ios/Xcode/CMakeFiles/XJGARSDKDemoApp.dir/Info.plist";
				INSTALL_PATH = "$(LOCAL_APPS_DIR)";
				IPHONEOS_DEPLOYMENT_TARGET = 8.0;
				LD_RUNPATH_SEARCH_PATHS = "@executable_path/Frameworks";
				LIBRARY_SEARCH_PATHS = "";
				ONLY_ACTIVE_ARCH = NO;
				OTHER_CPLUSPLUSFLAGS = (
					"-x",
					"objective-c++",
					"-fobjc-arc",
					"-std=c++11",
					"-fobjc-arc",
					"-DNDEBUG",
					"-I/Users/jianxinluo/Desktop/Test/XJGARSDKDemoApp-ios/./XJGARSDKDemo",
					"-I/Users/jianxinluo/Desktop/Test/XJGARSDKDemoApp-ios/./XJGARSDKFramework.framework/Headers",
					"-I\"/Users/jianxinluo/Desktop/Test/XJGARSDKDemoApp-ios/Xcode/cppframework/./\\$${CONFIGURATION}\\$${EFFECTIVE_PLATFORM_NAME}/TestFramework.framework/Headers\"",
					"-F\"/Users/jianxinluo/Desktop/Test/XJGARSDKDemoApp-ios/Xcode/cppframework/\\$${CONFIGURATION}\\$${EFFECTIVE_PLATFORM_NAME}\"",
				);
				OTHER_LDFLAGS = (
					"-Wl,-headerpad_max_install_names",
					"-framework",
					Foundation,
					"-framework",
					AVFoundation,
					"-framework",
					CoreMedia,
					"-framework",
					OpenGLES,
					"-framework",
					CoreGraphics,
					"-framework",
					GLKit,
					"-framework",
					UIKit,
					"-framework",
					MobileCoreServices,
					"-framework",
					CFNetwork,
					"-framework",
					SystemConfiguration,
					"-framework",
					CoreTelephony,
					"-framework",
					CoreVideo,
					"-framework",
					MessageUI,
					"-framework",
					QuartzCore,
					"-framework",
					CoreData,
					"-framework",
					XJGARSDKFramework,
					"/Users/jianxinluo/Desktop/Test/XJGARSDKDemoApp-ios/Xcode/cppframework/./${CONFIGURATION}${EFFECTIVE_PLATFORM_NAME}/TestFramework.framework/TestFramework",
				);
				OTHER_REZFLAGS = "";
				PRODUCT_NAME = XJGARSDKDemoApp;
				SECTORDER_FLAGS = "";
				SYMROOT = "/Users/jianxinluo/Desktop/Test/XJGARSDKDemoApp-ios/Xcode";
				TARGETED_DEVICE_FAMILY = 1;
				USE_HEADERMAP = NO;
				WARNING_CFLAGS = (
					"-Wmost",
					"-Wno-four-char-constants",
					"-Wno-unknown-pragmas",
					"$(inherited)",
				);
			};
			name = Release;
		};
		95EA54D386F4475D83F06E64 /* RelWithDebInfo */ = {
			isa = XCBuildConfiguration;
			buildSettings = {
				ARCHS = (
					armv7,
					armv7s,
					arm64,
				);
				CODE_SIGN_IDENTITY = "iPhone Developer";
				COMBINE_HIDPI_IMAGES = YES;
				DEVELOPMENT_TEAM = 9M4EX46897;
				DYLIB_COMPATIBILITY_VERSION = 1.0.0;
				DYLIB_CURRENT_VERSION = 1.0.0;
				EXECUTABLE_PREFIX = "";
				EXECUTABLE_SUFFIX = "";
				FRAMEWORK_VERSION = A;
				GCC_GENERATE_DEBUGGING_SYMBOLS = YES;
				GCC_INLINES_ARE_PRIVATE_EXTERN = NO;
				GCC_OPTIMIZATION_LEVEL = 2;
				GCC_PREPROCESSOR_DEFINITIONS = (
					"'CMAKE_INTDIR=\"$(CONFIGURATION)$(EFFECTIVE_PLATFORM_NAME)\"'",
					TestFramework_EXPORTS,
				);
				GCC_SYMBOLS_PRIVATE_EXTERN = NO;
				HEADER_SEARCH_PATHS = (
					"/Users/jianxinluo/Desktop/Test/XJGARSDKDemoApp-ios/./XJGARSDKDemo",
					"/Users/jianxinluo/Desktop/Test/XJGARSDKDemoApp-ios/cppframework/.",
					"/Users/jianxinluo/Desktop/Test/XJGARSDKDemoApp-ios/cppframework/./filter",
					"/Users/jianxinluo/Desktop/Test/XJGARSDKDemoApp-ios/cppframework/./source",
					"/Users/jianxinluo/Desktop/Test/XJGARSDKDemoApp-ios/cppframework/./target",
					"/Users/jianxinluo/Desktop/Test/XJGARSDKDemoApp-ios/cppframework/./target/IOS",
				);
				INFOPLIST_FILE = "/Users/jianxinluo/Desktop/Test/XJGARSDKDemoApp-ios/Xcode/cppframework/CMakeFiles/TestFramework.dir/Info.plist";
				INSTALL_PATH = "/Users/jianxinluo/Desktop/Test/XJGARSDKDemoApp-ios/Xcode/cppframework/RelWithDebInfo${EFFECTIVE_PLATFORM_NAME}";
				IPHONEOS_DEPLOYMENT_TARGET = 8.0;
				LIBRARY_SEARCH_PATHS = "";
				LIBRARY_STYLE = DYNAMIC;
				ONLY_ACTIVE_ARCH = NO;
				OTHER_CFLAGS = (
					"-fvisibility=hidden",
					"-fvisibility-inlines-hidden",
				);
				OTHER_CPLUSPLUSFLAGS = (
					"-x",
					"objective-c++",
					"-fobjc-arc",
					"-std=c++11",
					"-DNDEBUG",
					"-fPIC",
					"-fvisibility=hidden",
					"-fvisibility-inlines-hidden",
					"-I/Users/jianxinluo/Desktop/Test/XJGARSDKDemoApp-ios/./XJGARSDKDemo",
					"-I/Users/jianxinluo/Desktop/Test/XJGARSDKDemoApp-ios/cppframework/.",
					"-I/Users/jianxinluo/Desktop/Test/XJGARSDKDemoApp-ios/cppframework/./filter",
					"-I/Users/jianxinluo/Desktop/Test/XJGARSDKDemoApp-ios/cppframework/./source",
					"-I/Users/jianxinluo/Desktop/Test/XJGARSDKDemoApp-ios/cppframework/./target",
					"-I/Users/jianxinluo/Desktop/Test/XJGARSDKDemoApp-ios/cppframework/./target/IOS",
				);
				OTHER_LDFLAGS = (
					"-Wall",
					"-framework",
					AVFoundation,
					"-framework",
					CoreMedia,
					"-framework",
					OpenGLES,
					"-framework",
					CoreGraphics,
					"-framework",
					GLKit,
					"-framework",
					UIKit,
					"-framework",
					Foundation,
					"-framework",
					MobileCoreServices,
					"-framework",
					CFNetwork,
					"-framework",
					SystemConfiguration,
					"-framework",
					CoreTelephony,
					"-framework",
					CoreVideo,
					"-framework",
					MessageUI,
					"-framework",
					QuartzCore,
					"-framework",
					CoreData,
				);
				OTHER_REZFLAGS = "";
				PRODUCT_NAME = TestFramework;
				SECTORDER_FLAGS = "";
				SKIP_INSTALL = YES;
				SYMROOT = "/Users/jianxinluo/Desktop/Test/XJGARSDKDemoApp-ios/Xcode/cppframework";
				TARGETED_DEVICE_FAMILY = 1;
				USE_HEADERMAP = NO;
				WARNING_CFLAGS = (
					"-Wmost",
					"-Wno-four-char-constants",
					"-Wno-unknown-pragmas",
					"$(inherited)",
				);
			};
			name = RelWithDebInfo;
		};
		9E16E9292C9A4DADA9021BDA /* Debug */ = {
			isa = XCBuildConfiguration;
			buildSettings = {
				ARCHS = (
					armv7,
					armv7s,
					arm64,
				);
				CLANG_ENABLE_OBJC_ARC = YES;
				CODE_SIGN_IDENTITY = "iPhone Developer";
				COMBINE_HIDPI_IMAGES = NO;
				DEBUG_INFORMATION_FORMAT = "dwarf-with-dsym";
				DEVELOPMENT_TEAM = 9M4EX46897;
				ENABLE_TESTABILITY = YES;
				EXECUTABLE_PREFIX = "";
				EXECUTABLE_SUFFIX = "";
				FRAMEWORK_SEARCH_PATHS = (
					"/Users/jianxinluo/Desktop/Test/XJGARSDKDemoApp-ios/Xcode/cppframework/${CONFIGURATION}${EFFECTIVE_PLATFORM_NAME}",
					"/Users/jianxinluo/Desktop/Test/XJGARSDKDemoApp-ios",
				);
				GCC_GENERATE_DEBUGGING_SYMBOLS = YES;
				GCC_INLINES_ARE_PRIVATE_EXTERN = NO;
				GCC_OPTIMIZATION_LEVEL = 0;
				GCC_PRECOMPILE_PREFIX_HEADER = YES;
				GCC_PREFIX_HEADER = "/Users/jianxinluo/Desktop/Test/XJGARSDKDemoApp-ios/Prefix.pch";
				GCC_PREPROCESSOR_DEFINITIONS = "'CMAKE_INTDIR=\"$(CONFIGURATION)$(EFFECTIVE_PLATFORM_NAME)\"'";
				GCC_SYMBOLS_PRIVATE_EXTERN = YES;
				HEADER_SEARCH_PATHS = (
					"/Users/jianxinluo/Desktop/Test/XJGARSDKDemoApp-ios/./XJGARSDKDemo",
					"/Users/jianxinluo/Desktop/Test/XJGARSDKDemoApp-ios/./XJGARSDKFramework.framework/Headers",
					"/Users/jianxinluo/Desktop/Test/XJGARSDKDemoApp-ios/Xcode/cppframework/./${CONFIGURATION}${EFFECTIVE_PLATFORM_NAME}/TestFramework.framework/Headers",
				);
				INFOPLIST_FILE = "/Users/jianxinluo/Desktop/Test/XJGARSDKDemoApp-ios/Xcode/CMakeFiles/XJGARSDKDemoApp.dir/Info.plist";
				INSTALL_PATH = "$(LOCAL_APPS_DIR)";
				IPHONEOS_DEPLOYMENT_TARGET = 8.0;
				LD_RUNPATH_SEARCH_PATHS = "@executable_path/Frameworks";
				LIBRARY_SEARCH_PATHS = "";
				ONLY_ACTIVE_ARCH = NO;
				OTHER_CPLUSPLUSFLAGS = (
					"-x",
					"objective-c++",
					"-fobjc-arc",
					"-std=c++11",
					"-fobjc-arc",
					"-I/Users/jianxinluo/Desktop/Test/XJGARSDKDemoApp-ios/./XJGARSDKDemo",
					"-I/Users/jianxinluo/Desktop/Test/XJGARSDKDemoApp-ios/./XJGARSDKFramework.framework/Headers",
					"-I\"/Users/jianxinluo/Desktop/Test/XJGARSDKDemoApp-ios/Xcode/cppframework/./\\$${CONFIGURATION}\\$${EFFECTIVE_PLATFORM_NAME}/TestFramework.framework/Headers\"",
					"-F\"/Users/jianxinluo/Desktop/Test/XJGARSDKDemoApp-ios/Xcode/cppframework/\\$${CONFIGURATION}\\$${EFFECTIVE_PLATFORM_NAME}\"",
				);
				OTHER_LDFLAGS = (
					"-Wl,-headerpad_max_install_names",
					"-framework",
					Foundation,
					"-framework",
					AVFoundation,
					"-framework",
					CoreMedia,
					"-framework",
					OpenGLES,
					"-framework",
					CoreGraphics,
					"-framework",
					GLKit,
					"-framework",
					UIKit,
					"-framework",
					MobileCoreServices,
					"-framework",
					CFNetwork,
					"-framework",
					SystemConfiguration,
					"-framework",
					CoreTelephony,
					"-framework",
					CoreVideo,
					"-framework",
					MessageUI,
					"-framework",
					QuartzCore,
					"-framework",
					CoreData,
					"-framework",
					XJGARSDKFramework,
					"/Users/jianxinluo/Desktop/Test/XJGARSDKDemoApp-ios/Xcode/cppframework/./${CONFIGURATION}${EFFECTIVE_PLATFORM_NAME}/TestFramework.framework/TestFramework",
				);
				OTHER_REZFLAGS = "";
				PRODUCT_NAME = XJGARSDKDemoApp;
				SECTORDER_FLAGS = "";
				SYMROOT = "/Users/jianxinluo/Desktop/Test/XJGARSDKDemoApp-ios/Xcode";
				TARGETED_DEVICE_FAMILY = 1;
				USE_HEADERMAP = NO;
				WARNING_CFLAGS = (
					"-Wmost",
					"-Wno-four-char-constants",
					"-Wno-unknown-pragmas",
					"$(inherited)",
				);
			};
			name = Debug;
		};
		9E6EEF5D42364F33954DA19E /* Release */ = {
			isa = XCBuildConfiguration;
			buildSettings = {
				COMBINE_HIDPI_IMAGES = YES;
				GCC_GENERATE_DEBUGGING_SYMBOLS = YES;
				GCC_INLINES_ARE_PRIVATE_EXTERN = NO;
				GCC_OPTIMIZATION_LEVEL = 0;
				GCC_PREPROCESSOR_DEFINITIONS = "'CMAKE_INTDIR=\"$(CONFIGURATION)$(EFFECTIVE_PLATFORM_NAME)\"'";
				GCC_SYMBOLS_PRIVATE_EXTERN = NO;
				HEADER_SEARCH_PATHS = (
					"/Users/jianxinluo/Desktop/Test/XJGARSDKDemoApp-ios/./XJGARSDKDemo",
					"/Users/jianxinluo/Desktop/Test/XJGARSDKDemoApp-ios/./XJGARSDKFramework.framework/Headers",
				);
				INSTALL_PATH = "";
				OTHER_LDFLAGS = " ";
				OTHER_REZFLAGS = "";
				PRODUCT_NAME = ZERO_CHECK;
				SECTORDER_FLAGS = "";
				SYMROOT = "/Users/jianxinluo/Desktop/Test/XJGARSDKDemoApp-ios/Xcode";
				USE_HEADERMAP = NO;
				WARNING_CFLAGS = (
					"-Wmost",
					"-Wno-four-char-constants",
					"-Wno-unknown-pragmas",
					"$(inherited)",
				);
			};
			name = Release;
		};
		B54E575D9FEB42E9B98460A7 /* RelWithDebInfo */ = {
			isa = XCBuildConfiguration;
			buildSettings = {
				COMBINE_HIDPI_IMAGES = YES;
				GCC_GENERATE_DEBUGGING_SYMBOLS = YES;
				GCC_INLINES_ARE_PRIVATE_EXTERN = NO;
				GCC_OPTIMIZATION_LEVEL = 0;
				GCC_PREPROCESSOR_DEFINITIONS = "'CMAKE_INTDIR=\"$(CONFIGURATION)$(EFFECTIVE_PLATFORM_NAME)\"'";
				GCC_SYMBOLS_PRIVATE_EXTERN = NO;
				HEADER_SEARCH_PATHS = (
					"/Users/jianxinluo/Desktop/Test/XJGARSDKDemoApp-ios/./XJGARSDKDemo",
					"/Users/jianxinluo/Desktop/Test/XJGARSDKDemoApp-ios/./XJGARSDKFramework.framework/Headers",
				);
				INSTALL_PATH = "";
				OTHER_LDFLAGS = " ";
				OTHER_REZFLAGS = "";
				PRODUCT_NAME = ZERO_CHECK;
				SECTORDER_FLAGS = "";
				SYMROOT = "/Users/jianxinluo/Desktop/Test/XJGARSDKDemoApp-ios/Xcode";
				USE_HEADERMAP = NO;
				WARNING_CFLAGS = (
					"-Wmost",
					"-Wno-four-char-constants",
					"-Wno-unknown-pragmas",
					"$(inherited)",
				);
			};
			name = RelWithDebInfo;
		};
		CB605E69F95F4C55B453CEED /* RelWithDebInfo */ = {
			isa = XCBuildConfiguration;
			buildSettings = {
				COMBINE_HIDPI_IMAGES = YES;
				GCC_GENERATE_DEBUGGING_SYMBOLS = YES;
				GCC_INLINES_ARE_PRIVATE_EXTERN = NO;
				GCC_OPTIMIZATION_LEVEL = 0;
				GCC_PREPROCESSOR_DEFINITIONS = "'CMAKE_INTDIR=\"$(CONFIGURATION)$(EFFECTIVE_PLATFORM_NAME)\"'";
				GCC_SYMBOLS_PRIVATE_EXTERN = NO;
				HEADER_SEARCH_PATHS = (
					"/Users/jianxinluo/Desktop/Test/XJGARSDKDemoApp-ios/./XJGARSDKDemo",
					"/Users/jianxinluo/Desktop/Test/XJGARSDKDemoApp-ios/./XJGARSDKFramework.framework/Headers",
				);
				INSTALL_PATH = "";
				OTHER_LDFLAGS = " ";
				OTHER_REZFLAGS = "";
				PRODUCT_NAME = ALL_BUILD;
				SECTORDER_FLAGS = "";
				SYMROOT = "/Users/jianxinluo/Desktop/Test/XJGARSDKDemoApp-ios/Xcode";
				USE_HEADERMAP = NO;
				WARNING_CFLAGS = (
					"-Wmost",
					"-Wno-four-char-constants",
					"-Wno-unknown-pragmas",
					"$(inherited)",
				);
			};
			name = RelWithDebInfo;
		};
		DCC80AD709594B5391BA2B38 /* MinSizeRel */ = {
			isa = XCBuildConfiguration;
			buildSettings = {
				COMBINE_HIDPI_IMAGES = YES;
				GCC_GENERATE_DEBUGGING_SYMBOLS = YES;
				GCC_INLINES_ARE_PRIVATE_EXTERN = NO;
				GCC_OPTIMIZATION_LEVEL = 0;
				GCC_PREPROCESSOR_DEFINITIONS = "'CMAKE_INTDIR=\"$(CONFIGURATION)$(EFFECTIVE_PLATFORM_NAME)\"'";
				GCC_SYMBOLS_PRIVATE_EXTERN = NO;
				HEADER_SEARCH_PATHS = (
					"/Users/jianxinluo/Desktop/Test/XJGARSDKDemoApp-ios/./XJGARSDKDemo",
					"/Users/jianxinluo/Desktop/Test/XJGARSDKDemoApp-ios/./XJGARSDKFramework.framework/Headers",
				);
				INSTALL_PATH = "";
				OTHER_LDFLAGS = " ";
				OTHER_REZFLAGS = "";
				PRODUCT_NAME = ALL_BUILD;
				SECTORDER_FLAGS = "";
				SYMROOT = "/Users/jianxinluo/Desktop/Test/XJGARSDKDemoApp-ios/Xcode";
				USE_HEADERMAP = NO;
				WARNING_CFLAGS = (
					"-Wmost",
					"-Wno-four-char-constants",
					"-Wno-unknown-pragmas",
					"$(inherited)",
				);
			};
			name = MinSizeRel;
		};
		EDEEF7A741AA4300AA1AF88C /* MinSizeRel */ = {
			isa = XCBuildConfiguration;
			buildSettings = {
				ARCHS = (
					armv7,
					armv7s,
					arm64,
				);
				SDKROOT = /Applications/Xcode.app/Contents/Developer/Platforms/iPhoneOS.platform/Developer/SDKs/iPhoneOS10.2.sdk;
				SYMROOT = "/Users/jianxinluo/Desktop/Test/XJGARSDKDemoApp-ios/Xcode/build";
			};
			name = MinSizeRel;
		};
		FEE4D1178E114E42AF0C0A26 /* RelWithDebInfo */ = {
			isa = XCBuildConfiguration;
			buildSettings = {
				ARCHS = (
					armv7,
					armv7s,
					arm64,
				);
				SDKROOT = /Applications/Xcode.app/Contents/Developer/Platforms/iPhoneOS.platform/Developer/SDKs/iPhoneOS10.2.sdk;
				SYMROOT = "/Users/jianxinluo/Desktop/Test/XJGARSDKDemoApp-ios/Xcode/build";
			};
			name = RelWithDebInfo;
		};
		FEEB2224790D4E74AAA4C105 /* Debug */ = {
			isa = XCBuildConfiguration;
			buildSettings = {
				COMBINE_HIDPI_IMAGES = YES;
				GCC_GENERATE_DEBUGGING_SYMBOLS = YES;
				GCC_INLINES_ARE_PRIVATE_EXTERN = NO;
				GCC_OPTIMIZATION_LEVEL = 0;
				GCC_PREPROCESSOR_DEFINITIONS = "'CMAKE_INTDIR=\"$(CONFIGURATION)$(EFFECTIVE_PLATFORM_NAME)\"'";
				GCC_SYMBOLS_PRIVATE_EXTERN = NO;
				HEADER_SEARCH_PATHS = (
					"/Users/jianxinluo/Desktop/Test/XJGARSDKDemoApp-ios/./XJGARSDKDemo",
					"/Users/jianxinluo/Desktop/Test/XJGARSDKDemoApp-ios/./XJGARSDKFramework.framework/Headers",
				);
				INSTALL_PATH = "";
				OTHER_LDFLAGS = " ";
				OTHER_REZFLAGS = "";
				PRODUCT_NAME = ZERO_CHECK;
				SECTORDER_FLAGS = "";
				SYMROOT = "/Users/jianxinluo/Desktop/Test/XJGARSDKDemoApp-ios/Xcode";
				USE_HEADERMAP = NO;
				WARNING_CFLAGS = (
					"-Wmost",
					"-Wno-four-char-constants",
					"-Wno-unknown-pragmas",
					"$(inherited)",
				);
			};
			name = Debug;
		};
/* End XCBuildConfiguration section */

/* Begin XCConfigurationList section */
		527E40D61FEC479180A7A296 /* Build configuration list for PBXNativeTarget "XJGARSDKDemoApp" */ = {
			isa = XCConfigurationList;
			buildConfigurations = (
				9E16E9292C9A4DADA9021BDA /* Debug */,
				92857B2008884F8EA3EB3EC2 /* Release */,
				61ADBC7AAA984BC1A79B93F6 /* MinSizeRel */,
				2E97B34ACB5C4578A075E21A /* RelWithDebInfo */,
			);
			defaultConfigurationIsVisible = 0;
			defaultConfigurationName = Debug;
		};
		542C19B8870D4EB895853F40 /* Build configuration list for PBXNativeTarget "TestFramework" */ = {
			isa = XCConfigurationList;
			buildConfigurations = (
				7822151D43DE4B968A9D9599 /* Debug */,
				805A8A93EA7C48E299DC56A6 /* Release */,
				89F96072178B461D8CD47F9C /* MinSizeRel */,
				95EA54D386F4475D83F06E64 /* RelWithDebInfo */,
			);
			defaultConfigurationIsVisible = 0;
			defaultConfigurationName = Debug;
		};
		780063F00207476495CE8BF9 /* Build configuration list for PBXAggregateTarget "ZERO_CHECK" */ = {
			isa = XCConfigurationList;
			buildConfigurations = (
				FEEB2224790D4E74AAA4C105 /* Debug */,
				9E6EEF5D42364F33954DA19E /* Release */,
				3F7B071635934CDAB2CCD6F5 /* MinSizeRel */,
				B54E575D9FEB42E9B98460A7 /* RelWithDebInfo */,
			);
			defaultConfigurationIsVisible = 0;
			defaultConfigurationName = Debug;
		};
		BC9014F7653842D790D910E1 /* Build configuration list for PBXProject "XJGARSDKDemoApp" */ = {
			isa = XCConfigurationList;
			buildConfigurations = (
				7B9E752FFA1E40338AB1B212 /* Debug */,
				4207382A134E4A2B859E1D5F /* Release */,
				EDEEF7A741AA4300AA1AF88C /* MinSizeRel */,
				FEE4D1178E114E42AF0C0A26 /* RelWithDebInfo */,
			);
			defaultConfigurationIsVisible = 0;
			defaultConfigurationName = Debug;
		};
		DB4FC8929D5E43C8A6854E00 /* Build configuration list for PBXAggregateTarget "ALL_BUILD" */ = {
			isa = XCConfigurationList;
			buildConfigurations = (
				901059220A484BE6BD6FF3AA /* Debug */,
				2B383D8A5ECF404B8F455BFB /* Release */,
				DCC80AD709594B5391BA2B38 /* MinSizeRel */,
				CB605E69F95F4C55B453CEED /* RelWithDebInfo */,
			);
			defaultConfigurationIsVisible = 0;
			defaultConfigurationName = Debug;
		};
/* End XCConfigurationList section */
	};
	rootObject = 04A9899C29FC452C9B115301 /* Project object */;
}
